// !$*UTF8*$!
{
	archiveVersion = 1;
	classes = {
	};
	objectVersion = 55;
	objects = {

/* Begin PBXBuildFile section */
		010D480D28699F6F00AAA818 /* XibSubscribable.swift in Sources */ = {isa = PBXBuildFile; fileRef = 010D480C28699F6F00AAA818 /* XibSubscribable.swift */; };
		0117CA0D2859EF0500B1C345 /* StoryboardImportable.swift in Sources */ = {isa = PBXBuildFile; fileRef = 0117CA0C2859EF0500B1C345 /* StoryboardImportable.swift */; };
		0117CA13285A37F100B1C345 /* AppManager.swift in Sources */ = {isa = PBXBuildFile; fileRef = 0117CA12285A37F100B1C345 /* AppManager.swift */; };
		0117CA15285A3C3300B1C345 /* NotificationManager.swift in Sources */ = {isa = PBXBuildFile; fileRef = 0117CA14285A3C3300B1C345 /* NotificationManager.swift */; };
		011DB9662864C8D300575446 /* CharacterTableViewCell.swift in Sources */ = {isa = PBXBuildFile; fileRef = 011DB9642864C8D300575446 /* CharacterTableViewCell.swift */; };
		011DB9672864C8D300575446 /* CharacterTableViewCell.xib in Resources */ = {isa = PBXBuildFile; fileRef = 011DB9652864C8D300575446 /* CharacterTableViewCell.xib */; };
		013128FF2859D43300FFC750 /* SwiftRouting.h in Headers */ = {isa = PBXBuildFile; fileRef = 013128FE2859D43300FFC750 /* SwiftRouting.h */; settings = {ATTRIBUTES = (Public, ); }; };
		013129022859D43300FFC750 /* SwiftRouting.framework in Frameworks */ = {isa = PBXBuildFile; fileRef = 013128FC2859D43300FFC750 /* SwiftRouting.framework */; };
		013129032859D43300FFC750 /* SwiftRouting.framework in Embed Frameworks */ = {isa = PBXBuildFile; fileRef = 013128FC2859D43300FFC750 /* SwiftRouting.framework */; settings = {ATTRIBUTES = (CodeSignOnCopy, RemoveHeadersOnCopy, ); }; };
		01358CD328620C1B00D25805 /* BaseRouter.swift in Sources */ = {isa = PBXBuildFile; fileRef = 01358CD228620C1B00D25805 /* BaseRouter.swift */; };
		01358CDF28622D2F00D25805 /* IAppNavigator.swift in Sources */ = {isa = PBXBuildFile; fileRef = 01358CDE28622D2E00D25805 /* IAppNavigator.swift */; };
		0155A6F92869C12D004D2CCA /* Log.swift in Sources */ = {isa = PBXBuildFile; fileRef = 0155A6F82869C12D004D2CCA /* Log.swift */; };
		0155A6FB2869C720004D2CCA /* JsonPrettyPrint.swift in Sources */ = {isa = PBXBuildFile; fileRef = 0155A6FA2869C720004D2CCA /* JsonPrettyPrint.swift */; };
		0155A7022869F4D0004D2CCA /* NavBarCustomizer.swift in Sources */ = {isa = PBXBuildFile; fileRef = 0155A7012869F4D0004D2CCA /* NavBarCustomizer.swift */; };
		0155A70A2869F93A004D2CCA /* CharacterDetailSceneAdapter.swift in Sources */ = {isa = PBXBuildFile; fileRef = 0155A7032869F93A004D2CCA /* CharacterDetailSceneAdapter.swift */; };
		0155A70B2869F93A004D2CCA /* CharacterDetailScenePresenter.swift in Sources */ = {isa = PBXBuildFile; fileRef = 0155A7042869F93A004D2CCA /* CharacterDetailScenePresenter.swift */; };
		0155A70C2869F93A004D2CCA /* CharacterDetailSceneRouter.swift in Sources */ = {isa = PBXBuildFile; fileRef = 0155A7052869F93A004D2CCA /* CharacterDetailSceneRouter.swift */; };
		0155A70D2869F93A004D2CCA /* CharacterDetailSceneModels.swift in Sources */ = {isa = PBXBuildFile; fileRef = 0155A7062869F93A004D2CCA /* CharacterDetailSceneModels.swift */; };
		0155A70E2869F93A004D2CCA /* CharacterDetailSceneViewController.swift in Sources */ = {isa = PBXBuildFile; fileRef = 0155A7072869F93A004D2CCA /* CharacterDetailSceneViewController.swift */; };
		0155A70F2869F93A004D2CCA /* CharacterDetailSceneInteractor.swift in Sources */ = {isa = PBXBuildFile; fileRef = 0155A7082869F93A004D2CCA /* CharacterDetailSceneInteractor.swift */; };
		0155A7102869F93A004D2CCA /* CharacterDetailSceneViewController.xib in Resources */ = {isa = PBXBuildFile; fileRef = 0155A7092869F93A004D2CCA /* CharacterDetailSceneViewController.xib */; };
		0155A712286A0ACC004D2CCA /* Extension+HPHouse.swift in Sources */ = {isa = PBXBuildFile; fileRef = 0155A711286A0ACC004D2CCA /* Extension+HPHouse.swift */; };
		0155A714286A0C0C004D2CCA /* Colors.xcassets in Resources */ = {isa = PBXBuildFile; fileRef = 0155A713286A0C0C004D2CCA /* Colors.xcassets */; };
		01562A722864A51400CFD56C /* TabBarInfoProvider.swift in Sources */ = {isa = PBXBuildFile; fileRef = 01562A712864A51400CFD56C /* TabBarInfoProvider.swift */; };
		01562A862864B7C200CFD56C /* HPRepository.swift in Sources */ = {isa = PBXBuildFile; fileRef = 01562A852864B7C200CFD56C /* HPRepository.swift */; };
		01562A882864B7D800CFD56C /* HPRepositoryImpl.swift in Sources */ = {isa = PBXBuildFile; fileRef = 01562A872864B7D800CFD56C /* HPRepositoryImpl.swift */; };
		01562A8C2864BBCA00CFD56C /* HPCharacter.swift in Sources */ = {isa = PBXBuildFile; fileRef = 01562A8B2864BBCA00CFD56C /* HPCharacter.swift */; };
		01562A8E2864BDDD00CFD56C /* HPHouse.swift in Sources */ = {isa = PBXBuildFile; fileRef = 01562A8D2864BDDD00CFD56C /* HPHouse.swift */; };
		01562A902864BF4F00CFD56C /* DtoHPCharacter.swift in Sources */ = {isa = PBXBuildFile; fileRef = 01562A8F2864BF4F00CFD56C /* DtoHPCharacter.swift */; };
		01562A922864BF5800CFD56C /* DtoHpCharacterDetail.swift in Sources */ = {isa = PBXBuildFile; fileRef = 01562A912864BF5800CFD56C /* DtoHpCharacterDetail.swift */; };
		01562A962864C07A00CFD56C /* HPService.swift in Sources */ = {isa = PBXBuildFile; fileRef = 01562A952864C07A00CFD56C /* HPService.swift */; };
		01562A982864C08800CFD56C /* HPServiceImpl.swift in Sources */ = {isa = PBXBuildFile; fileRef = 01562A972864C08800CFD56C /* HPServiceImpl.swift */; };
		01562A9A2864C4B200CFD56C /* CommonServiceAssembly.swift in Sources */ = {isa = PBXBuildFile; fileRef = 01562A992864C4B200CFD56C /* CommonServiceAssembly.swift */; };
		018105E628574FD7006CD742 /* AppDelegate.swift in Sources */ = {isa = PBXBuildFile; fileRef = 018105E528574FD7006CD742 /* AppDelegate.swift */; };
		018105E828574FD7006CD742 /* SceneDelegate.swift in Sources */ = {isa = PBXBuildFile; fileRef = 018105E728574FD7006CD742 /* SceneDelegate.swift */; };
		018105EF28574FD8006CD742 /* Assets.xcassets in Resources */ = {isa = PBXBuildFile; fileRef = 018105EE28574FD8006CD742 /* Assets.xcassets */; };
		018105F228574FD8006CD742 /* LaunchScreen.storyboard in Resources */ = {isa = PBXBuildFile; fileRef = 018105F028574FD8006CD742 /* LaunchScreen.storyboard */; };
		0198C61C2862753900491711 /* Extension+UINavigationController.swift in Sources */ = {isa = PBXBuildFile; fileRef = 0198C61B2862753900491711 /* Extension+UINavigationController.swift */; };
		0198C61E28627C9E00491711 /* IRouter.swift in Sources */ = {isa = PBXBuildFile; fileRef = 0198C61D28627C9E00491711 /* IRouter.swift */; };
		0198C62428628A6700491711 /* GeneralAppAssembly.swift in Sources */ = {isa = PBXBuildFile; fileRef = 0198C62328628A6700491711 /* GeneralAppAssembly.swift */; };
		0198C62628628AA100491711 /* AppNavigator.swift in Sources */ = {isa = PBXBuildFile; fileRef = 0198C62528628AA100491711 /* AppNavigator.swift */; };
		01B303B82869A6900004F740 /* CardView.swift in Sources */ = {isa = PBXBuildFile; fileRef = 01B303B72869A6900004F740 /* CardView.swift */; };
		01B303BB2869A6B30004F740 /* LoadingView.swift in Sources */ = {isa = PBXBuildFile; fileRef = 01B303BA2869A6B30004F740 /* LoadingView.swift */; };
		01B303BE2869A75A0004F740 /* LoadingView.xib in Resources */ = {isa = PBXBuildFile; fileRef = 01B303BD2869A7590004F740 /* LoadingView.xib */; };
		01B303C02869A83C0004F740 /* hp.json in Resources */ = {isa = PBXBuildFile; fileRef = 01B303BF2869A83C0004F740 /* hp.json */; };
		01B303C42869AF8B0004F740 /* TabBarInfo.swift in Sources */ = {isa = PBXBuildFile; fileRef = 01B303C32869AF8B0004F740 /* TabBarInfo.swift */; };
		01B303CB2869BA4F0004F740 /* XibImportable.swift in Sources */ = {isa = PBXBuildFile; fileRef = 01B303CA2869BA4F0004F740 /* XibImportable.swift */; };
		01E4EEDD286C68DB0041A556 /* Extension+UIView.swift in Sources */ = {isa = PBXBuildFile; fileRef = 01E4EEDC286C68DB0041A556 /* Extension+UIView.swift */; };
		01E4EEE6286C90590041A556 /* HousesSceneAdapter.swift in Sources */ = {isa = PBXBuildFile; fileRef = 01E4EEDF286C90590041A556 /* HousesSceneAdapter.swift */; };
		01E4EEE8286C90590041A556 /* HousesSceneRouter.swift in Sources */ = {isa = PBXBuildFile; fileRef = 01E4EEE1286C90590041A556 /* HousesSceneRouter.swift */; };
		01E4EEEA286C90590041A556 /* HousesSceneViewController.swift in Sources */ = {isa = PBXBuildFile; fileRef = 01E4EEE3286C90590041A556 /* HousesSceneViewController.swift */; };
		01E4EEEC286C90590041A556 /* HousesSceneViewController.xib in Resources */ = {isa = PBXBuildFile; fileRef = 01E4EEE5286C90590041A556 /* HousesSceneViewController.xib */; };
		01E4EEF4286C9AF50041A556 /* CharacterListSceneAdapter.swift in Sources */ = {isa = PBXBuildFile; fileRef = 01E4EEED286C9AF50041A556 /* CharacterListSceneAdapter.swift */; };
		01E4EEF5286C9AF50041A556 /* CharacterListScenePresenter.swift in Sources */ = {isa = PBXBuildFile; fileRef = 01E4EEEE286C9AF50041A556 /* CharacterListScenePresenter.swift */; };
		01E4EEF6286C9AF50041A556 /* CharacterListSceneRouter.swift in Sources */ = {isa = PBXBuildFile; fileRef = 01E4EEEF286C9AF50041A556 /* CharacterListSceneRouter.swift */; };
		01E4EEF7286C9AF50041A556 /* CharacterListSceneModels.swift in Sources */ = {isa = PBXBuildFile; fileRef = 01E4EEF0286C9AF50041A556 /* CharacterListSceneModels.swift */; };
		01E4EEF8286C9AF50041A556 /* CharacterListSceneViewController.swift in Sources */ = {isa = PBXBuildFile; fileRef = 01E4EEF1286C9AF50041A556 /* CharacterListSceneViewController.swift */; };
		01E4EEF9286C9AF50041A556 /* CharacterListSceneInteractor.swift in Sources */ = {isa = PBXBuildFile; fileRef = 01E4EEF2286C9AF50041A556 /* CharacterListSceneInteractor.swift */; };
		01E4EEFA286C9AF50041A556 /* CharacterListSceneViewController.xib in Resources */ = {isa = PBXBuildFile; fileRef = 01E4EEF3286C9AF50041A556 /* CharacterListSceneViewController.xib */; };
		01E4EEFD286C9E4E0041A556 /* HpCharacterWorker.swift in Sources */ = {isa = PBXBuildFile; fileRef = 01E4EEFC286C9E4E0041A556 /* HpCharacterWorker.swift */; };
		01E4EEFF286C9E620041A556 /* HpCharacterImageWorker.swift in Sources */ = {isa = PBXBuildFile; fileRef = 01E4EEFE286C9E620041A556 /* HpCharacterImageWorker.swift */; };
		4E0055A4EA6C6686DE19F3D5 /* Pods_SwiftRouting.framework in Frameworks */ = {isa = PBXBuildFile; fileRef = 135BC9EFE07DA429282D9716 /* Pods_SwiftRouting.framework */; };
		E8B0D96E9B45192E93469DB4 /* Pods_vip_architecture_example.framework in Frameworks */ = {isa = PBXBuildFile; fileRef = 0B2A9BA445959FB0EC07198A /* Pods_vip_architecture_example.framework */; };
/* End PBXBuildFile section */

/* Begin PBXContainerItemProxy section */
		013129002859D43300FFC750 /* PBXContainerItemProxy */ = {
			isa = PBXContainerItemProxy;
			containerPortal = 018105DA28574FD7006CD742 /* Project object */;
			proxyType = 1;
			remoteGlobalIDString = 013128FB2859D43300FFC750;
			remoteInfo = SwiftRouting;
		};
/* End PBXContainerItemProxy section */

/* Begin PBXCopyFilesBuildPhase section */
		01810626285750F2006CD742 /* Embed Frameworks */ = {
			isa = PBXCopyFilesBuildPhase;
			buildActionMask = 2147483647;
			dstPath = "";
			dstSubfolderSpec = 10;
			files = (
				013129032859D43300FFC750 /* SwiftRouting.framework in Embed Frameworks */,
			);
			name = "Embed Frameworks";
			runOnlyForDeploymentPostprocessing = 0;
		};
/* End PBXCopyFilesBuildPhase section */

/* Begin PBXFileReference section */
		010D480C28699F6F00AAA818 /* XibSubscribable.swift */ = {isa = PBXFileReference; lastKnownFileType = sourcecode.swift; path = XibSubscribable.swift; sourceTree = "<group>"; };
		0117CA0C2859EF0500B1C345 /* StoryboardImportable.swift */ = {isa = PBXFileReference; lastKnownFileType = sourcecode.swift; path = StoryboardImportable.swift; sourceTree = "<group>"; };
		0117CA12285A37F100B1C345 /* AppManager.swift */ = {isa = PBXFileReference; lastKnownFileType = sourcecode.swift; path = AppManager.swift; sourceTree = "<group>"; };
		0117CA14285A3C3300B1C345 /* NotificationManager.swift */ = {isa = PBXFileReference; lastKnownFileType = sourcecode.swift; path = NotificationManager.swift; sourceTree = "<group>"; };
		011DB9642864C8D300575446 /* CharacterTableViewCell.swift */ = {isa = PBXFileReference; lastKnownFileType = sourcecode.swift; path = CharacterTableViewCell.swift; sourceTree = "<group>"; };
		011DB9652864C8D300575446 /* CharacterTableViewCell.xib */ = {isa = PBXFileReference; lastKnownFileType = file.xib; path = CharacterTableViewCell.xib; sourceTree = "<group>"; };
		013128FC2859D43300FFC750 /* SwiftRouting.framework */ = {isa = PBXFileReference; explicitFileType = wrapper.framework; includeInIndex = 0; path = SwiftRouting.framework; sourceTree = BUILT_PRODUCTS_DIR; };
		013128FE2859D43300FFC750 /* SwiftRouting.h */ = {isa = PBXFileReference; lastKnownFileType = sourcecode.c.h; path = SwiftRouting.h; sourceTree = "<group>"; };
		01358CD228620C1B00D25805 /* BaseRouter.swift */ = {isa = PBXFileReference; lastKnownFileType = sourcecode.swift; path = BaseRouter.swift; sourceTree = "<group>"; };
		01358CDE28622D2E00D25805 /* IAppNavigator.swift */ = {isa = PBXFileReference; fileEncoding = 4; lastKnownFileType = sourcecode.swift; path = IAppNavigator.swift; sourceTree = "<group>"; };
		0155A6F82869C12D004D2CCA /* Log.swift */ = {isa = PBXFileReference; lastKnownFileType = sourcecode.swift; path = Log.swift; sourceTree = "<group>"; };
		0155A6FA2869C720004D2CCA /* JsonPrettyPrint.swift */ = {isa = PBXFileReference; lastKnownFileType = sourcecode.swift; path = JsonPrettyPrint.swift; sourceTree = "<group>"; };
		0155A7012869F4D0004D2CCA /* NavBarCustomizer.swift */ = {isa = PBXFileReference; lastKnownFileType = sourcecode.swift; path = NavBarCustomizer.swift; sourceTree = "<group>"; };
		0155A7032869F93A004D2CCA /* CharacterDetailSceneAdapter.swift */ = {isa = PBXFileReference; lastKnownFileType = sourcecode.swift; path = CharacterDetailSceneAdapter.swift; sourceTree = "<group>"; };
		0155A7042869F93A004D2CCA /* CharacterDetailScenePresenter.swift */ = {isa = PBXFileReference; lastKnownFileType = sourcecode.swift; path = CharacterDetailScenePresenter.swift; sourceTree = "<group>"; };
		0155A7052869F93A004D2CCA /* CharacterDetailSceneRouter.swift */ = {isa = PBXFileReference; lastKnownFileType = sourcecode.swift; path = CharacterDetailSceneRouter.swift; sourceTree = "<group>"; };
		0155A7062869F93A004D2CCA /* CharacterDetailSceneModels.swift */ = {isa = PBXFileReference; lastKnownFileType = sourcecode.swift; path = CharacterDetailSceneModels.swift; sourceTree = "<group>"; };
		0155A7072869F93A004D2CCA /* CharacterDetailSceneViewController.swift */ = {isa = PBXFileReference; lastKnownFileType = sourcecode.swift; path = CharacterDetailSceneViewController.swift; sourceTree = "<group>"; };
		0155A7082869F93A004D2CCA /* CharacterDetailSceneInteractor.swift */ = {isa = PBXFileReference; lastKnownFileType = sourcecode.swift; path = CharacterDetailSceneInteractor.swift; sourceTree = "<group>"; };
		0155A7092869F93A004D2CCA /* CharacterDetailSceneViewController.xib */ = {isa = PBXFileReference; lastKnownFileType = file.xib; path = CharacterDetailSceneViewController.xib; sourceTree = "<group>"; };
		0155A711286A0ACC004D2CCA /* Extension+HPHouse.swift */ = {isa = PBXFileReference; lastKnownFileType = sourcecode.swift; path = "Extension+HPHouse.swift"; sourceTree = "<group>"; };
		0155A713286A0C0C004D2CCA /* Colors.xcassets */ = {isa = PBXFileReference; lastKnownFileType = folder.assetcatalog; path = Colors.xcassets; sourceTree = "<group>"; };
		01562A712864A51400CFD56C /* TabBarInfoProvider.swift */ = {isa = PBXFileReference; lastKnownFileType = sourcecode.swift; path = TabBarInfoProvider.swift; sourceTree = "<group>"; };
		01562A852864B7C200CFD56C /* HPRepository.swift */ = {isa = PBXFileReference; lastKnownFileType = sourcecode.swift; path = HPRepository.swift; sourceTree = "<group>"; };
		01562A872864B7D800CFD56C /* HPRepositoryImpl.swift */ = {isa = PBXFileReference; lastKnownFileType = sourcecode.swift; path = HPRepositoryImpl.swift; sourceTree = "<group>"; };
		01562A8B2864BBCA00CFD56C /* HPCharacter.swift */ = {isa = PBXFileReference; lastKnownFileType = sourcecode.swift; path = HPCharacter.swift; sourceTree = "<group>"; };
		01562A8D2864BDDD00CFD56C /* HPHouse.swift */ = {isa = PBXFileReference; lastKnownFileType = sourcecode.swift; path = HPHouse.swift; sourceTree = "<group>"; };
		01562A8F2864BF4F00CFD56C /* DtoHPCharacter.swift */ = {isa = PBXFileReference; lastKnownFileType = sourcecode.swift; path = DtoHPCharacter.swift; sourceTree = "<group>"; };
		01562A912864BF5800CFD56C /* DtoHpCharacterDetail.swift */ = {isa = PBXFileReference; lastKnownFileType = sourcecode.swift; path = DtoHpCharacterDetail.swift; sourceTree = "<group>"; };
		01562A952864C07A00CFD56C /* HPService.swift */ = {isa = PBXFileReference; lastKnownFileType = sourcecode.swift; path = HPService.swift; sourceTree = "<group>"; };
		01562A972864C08800CFD56C /* HPServiceImpl.swift */ = {isa = PBXFileReference; lastKnownFileType = sourcecode.swift; path = HPServiceImpl.swift; sourceTree = "<group>"; };
		01562A992864C4B200CFD56C /* CommonServiceAssembly.swift */ = {isa = PBXFileReference; lastKnownFileType = sourcecode.swift; path = CommonServiceAssembly.swift; sourceTree = "<group>"; };
		018105E228574FD7006CD742 /* vip_architecture_example.app */ = {isa = PBXFileReference; explicitFileType = wrapper.application; includeInIndex = 0; path = vip_architecture_example.app; sourceTree = BUILT_PRODUCTS_DIR; };
		018105E528574FD7006CD742 /* AppDelegate.swift */ = {isa = PBXFileReference; lastKnownFileType = sourcecode.swift; path = AppDelegate.swift; sourceTree = "<group>"; };
		018105E728574FD7006CD742 /* SceneDelegate.swift */ = {isa = PBXFileReference; lastKnownFileType = sourcecode.swift; path = SceneDelegate.swift; sourceTree = "<group>"; };
		018105EE28574FD8006CD742 /* Assets.xcassets */ = {isa = PBXFileReference; lastKnownFileType = folder.assetcatalog; path = Assets.xcassets; sourceTree = "<group>"; };
		018105F128574FD8006CD742 /* Base */ = {isa = PBXFileReference; lastKnownFileType = file.storyboard; name = Base; path = Base.lproj/LaunchScreen.storyboard; sourceTree = "<group>"; };
		018105F328574FD8006CD742 /* Info.plist */ = {isa = PBXFileReference; lastKnownFileType = text.plist.xml; path = Info.plist; sourceTree = "<group>"; };
		0198C61B2862753900491711 /* Extension+UINavigationController.swift */ = {isa = PBXFileReference; lastKnownFileType = sourcecode.swift; path = "Extension+UINavigationController.swift"; sourceTree = "<group>"; };
		0198C61D28627C9E00491711 /* IRouter.swift */ = {isa = PBXFileReference; lastKnownFileType = sourcecode.swift; path = IRouter.swift; sourceTree = "<group>"; };
		0198C62328628A6700491711 /* GeneralAppAssembly.swift */ = {isa = PBXFileReference; lastKnownFileType = sourcecode.swift; path = GeneralAppAssembly.swift; sourceTree = "<group>"; };
		0198C62528628AA100491711 /* AppNavigator.swift */ = {isa = PBXFileReference; lastKnownFileType = sourcecode.swift; path = AppNavigator.swift; sourceTree = "<group>"; };
		01B303B72869A6900004F740 /* CardView.swift */ = {isa = PBXFileReference; lastKnownFileType = sourcecode.swift; path = CardView.swift; sourceTree = "<group>"; };
		01B303BA2869A6B30004F740 /* LoadingView.swift */ = {isa = PBXFileReference; lastKnownFileType = sourcecode.swift; path = LoadingView.swift; sourceTree = "<group>"; };
		01B303BD2869A7590004F740 /* LoadingView.xib */ = {isa = PBXFileReference; lastKnownFileType = file.xib; path = LoadingView.xib; sourceTree = "<group>"; };
		01B303BF2869A83C0004F740 /* hp.json */ = {isa = PBXFileReference; fileEncoding = 4; lastKnownFileType = text.json; path = hp.json; sourceTree = "<group>"; };
		01B303C32869AF8B0004F740 /* TabBarInfo.swift */ = {isa = PBXFileReference; lastKnownFileType = sourcecode.swift; path = TabBarInfo.swift; sourceTree = "<group>"; };
		01B303CA2869BA4F0004F740 /* XibImportable.swift */ = {isa = PBXFileReference; lastKnownFileType = sourcecode.swift; path = XibImportable.swift; sourceTree = "<group>"; };
		01E4EEDC286C68DB0041A556 /* Extension+UIView.swift */ = {isa = PBXFileReference; lastKnownFileType = sourcecode.swift; path = "Extension+UIView.swift"; sourceTree = "<group>"; };
		01E4EEDF286C90590041A556 /* HousesSceneAdapter.swift */ = {isa = PBXFileReference; lastKnownFileType = sourcecode.swift; path = HousesSceneAdapter.swift; sourceTree = "<group>"; };
		01E4EEE1286C90590041A556 /* HousesSceneRouter.swift */ = {isa = PBXFileReference; lastKnownFileType = sourcecode.swift; path = HousesSceneRouter.swift; sourceTree = "<group>"; };
		01E4EEE3286C90590041A556 /* HousesSceneViewController.swift */ = {isa = PBXFileReference; lastKnownFileType = sourcecode.swift; path = HousesSceneViewController.swift; sourceTree = "<group>"; };
		01E4EEE5286C90590041A556 /* HousesSceneViewController.xib */ = {isa = PBXFileReference; lastKnownFileType = file.xib; path = HousesSceneViewController.xib; sourceTree = "<group>"; };
		01E4EEED286C9AF50041A556 /* CharacterListSceneAdapter.swift */ = {isa = PBXFileReference; lastKnownFileType = sourcecode.swift; path = CharacterListSceneAdapter.swift; sourceTree = "<group>"; };
		01E4EEEE286C9AF50041A556 /* CharacterListScenePresenter.swift */ = {isa = PBXFileReference; lastKnownFileType = sourcecode.swift; path = CharacterListScenePresenter.swift; sourceTree = "<group>"; };
		01E4EEEF286C9AF50041A556 /* CharacterListSceneRouter.swift */ = {isa = PBXFileReference; lastKnownFileType = sourcecode.swift; path = CharacterListSceneRouter.swift; sourceTree = "<group>"; };
		01E4EEF0286C9AF50041A556 /* CharacterListSceneModels.swift */ = {isa = PBXFileReference; lastKnownFileType = sourcecode.swift; path = CharacterListSceneModels.swift; sourceTree = "<group>"; };
		01E4EEF1286C9AF50041A556 /* CharacterListSceneViewController.swift */ = {isa = PBXFileReference; lastKnownFileType = sourcecode.swift; path = CharacterListSceneViewController.swift; sourceTree = "<group>"; };
		01E4EEF2286C9AF50041A556 /* CharacterListSceneInteractor.swift */ = {isa = PBXFileReference; lastKnownFileType = sourcecode.swift; path = CharacterListSceneInteractor.swift; sourceTree = "<group>"; };
		01E4EEF3286C9AF50041A556 /* CharacterListSceneViewController.xib */ = {isa = PBXFileReference; lastKnownFileType = file.xib; path = CharacterListSceneViewController.xib; sourceTree = "<group>"; };
		01E4EEFC286C9E4E0041A556 /* HpCharacterWorker.swift */ = {isa = PBXFileReference; lastKnownFileType = sourcecode.swift; path = HpCharacterWorker.swift; sourceTree = "<group>"; };
		01E4EEFE286C9E620041A556 /* HpCharacterImageWorker.swift */ = {isa = PBXFileReference; lastKnownFileType = sourcecode.swift; path = HpCharacterImageWorker.swift; sourceTree = "<group>"; };
		0B2A9BA445959FB0EC07198A /* Pods_vip_architecture_example.framework */ = {isa = PBXFileReference; explicitFileType = wrapper.framework; includeInIndex = 0; path = Pods_vip_architecture_example.framework; sourceTree = BUILT_PRODUCTS_DIR; };
		135BC9EFE07DA429282D9716 /* Pods_SwiftRouting.framework */ = {isa = PBXFileReference; explicitFileType = wrapper.framework; includeInIndex = 0; path = Pods_SwiftRouting.framework; sourceTree = BUILT_PRODUCTS_DIR; };
		6B47907667FEBB8F2285330A /* Pods-vip_architecture_example.debug.xcconfig */ = {isa = PBXFileReference; includeInIndex = 1; lastKnownFileType = text.xcconfig; name = "Pods-vip_architecture_example.debug.xcconfig"; path = "Target Support Files/Pods-vip_architecture_example/Pods-vip_architecture_example.debug.xcconfig"; sourceTree = "<group>"; };
		9E85AD143B992EAEECCAD12F /* Pods-SwiftRouting.release.xcconfig */ = {isa = PBXFileReference; includeInIndex = 1; lastKnownFileType = text.xcconfig; name = "Pods-SwiftRouting.release.xcconfig"; path = "Target Support Files/Pods-SwiftRouting/Pods-SwiftRouting.release.xcconfig"; sourceTree = "<group>"; };
		A765ED37A797044797362D6D /* Pods-vip_architecture_example.release.xcconfig */ = {isa = PBXFileReference; includeInIndex = 1; lastKnownFileType = text.xcconfig; name = "Pods-vip_architecture_example.release.xcconfig"; path = "Target Support Files/Pods-vip_architecture_example/Pods-vip_architecture_example.release.xcconfig"; sourceTree = "<group>"; };
		AF7F01557396F393237601C5 /* Pods-SwiftRouting.debug.xcconfig */ = {isa = PBXFileReference; includeInIndex = 1; lastKnownFileType = text.xcconfig; name = "Pods-SwiftRouting.debug.xcconfig"; path = "Target Support Files/Pods-SwiftRouting/Pods-SwiftRouting.debug.xcconfig"; sourceTree = "<group>"; };
/* End PBXFileReference section */

/* Begin PBXFrameworksBuildPhase section */
		013128F92859D43300FFC750 /* Frameworks */ = {
			isa = PBXFrameworksBuildPhase;
			buildActionMask = 2147483647;
			files = (
				4E0055A4EA6C6686DE19F3D5 /* Pods_SwiftRouting.framework in Frameworks */,
			);
			runOnlyForDeploymentPostprocessing = 0;
		};
		018105DF28574FD7006CD742 /* Frameworks */ = {
			isa = PBXFrameworksBuildPhase;
			buildActionMask = 2147483647;
			files = (
				013129022859D43300FFC750 /* SwiftRouting.framework in Frameworks */,
				E8B0D96E9B45192E93469DB4 /* Pods_vip_architecture_example.framework in Frameworks */,
			);
			runOnlyForDeploymentPostprocessing = 0;
		};
/* End PBXFrameworksBuildPhase section */

/* Begin PBXGroup section */
		010D480B28699F4C00AAA818 /* Utils */ = {
			isa = PBXGroup;
			children = (
				010D480C28699F6F00AAA818 /* XibSubscribable.swift */,
				01E4EEDC286C68DB0041A556 /* Extension+UIView.swift */,
				0155A7012869F4D0004D2CCA /* NavBarCustomizer.swift */,
				0155A6FA2869C720004D2CCA /* JsonPrettyPrint.swift */,
				0155A6F82869C12D004D2CCA /* Log.swift */,
				0155A711286A0ACC004D2CCA /* Extension+HPHouse.swift */,
			);
			path = Utils;
			sourceTree = "<group>";
		};
		011DB9632864C8A400575446 /* Character Cell */ = {
			isa = PBXGroup;
			children = (
				011DB9642864C8D300575446 /* CharacterTableViewCell.swift */,
				011DB9652864C8D300575446 /* CharacterTableViewCell.xib */,
			);
			path = "Character Cell";
			sourceTree = "<group>";
		};
		013128FD2859D43300FFC750 /* SwiftRouting */ = {
			isa = PBXGroup;
			children = (
				013128FE2859D43300FFC750 /* SwiftRouting.h */,
				01562A712864A51400CFD56C /* TabBarInfoProvider.swift */,
				0198C61D28627C9E00491711 /* IRouter.swift */,
				01358CDE28622D2E00D25805 /* IAppNavigator.swift */,
				0151EB182864A341002D7724 /* Utils */,
			);
			path = SwiftRouting;
			sourceTree = "<group>";
		};
		013830322864781C005E3F7B /* General Assemblies */ = {
			isa = PBXGroup;
			children = (
				0198C62328628A6700491711 /* GeneralAppAssembly.swift */,
				01562A992864C4B200CFD56C /* CommonServiceAssembly.swift */,
			);
			path = "General Assemblies";
			sourceTree = "<group>";
		};
		0151EB182864A341002D7724 /* Utils */ = {
			isa = PBXGroup;
			children = (
				0198C61B2862753900491711 /* Extension+UINavigationController.swift */,
				0117CA0C2859EF0500B1C345 /* StoryboardImportable.swift */,
				01B303CA2869BA4F0004F740 /* XibImportable.swift */,
			);
			path = Utils;
			sourceTree = "<group>";
		};
		01562A822864B75D00CFD56C /* Repositories */ = {
			isa = PBXGroup;
			children = (
				01562A842864B78C00CFD56C /* Harry Potter */,
			);
			path = Repositories;
			sourceTree = "<group>";
		};
		01562A832864B77000CFD56C /* Services */ = {
			isa = PBXGroup;
			children = (
				01562A942864C06E00CFD56C /* Harry Potter */,
			);
			path = Services;
			sourceTree = "<group>";
		};
		01562A842864B78C00CFD56C /* Harry Potter */ = {
			isa = PBXGroup;
			children = (
				01562A852864B7C200CFD56C /* HPRepository.swift */,
				01562A872864B7D800CFD56C /* HPRepositoryImpl.swift */,
			);
			path = "Harry Potter";
			sourceTree = "<group>";
		};
		01562A892864B8F200CFD56C /* Data Providers */ = {
			isa = PBXGroup;
			children = (
				01562A8A2864B91300CFD56C /* Dtos */,
				01562A832864B77000CFD56C /* Services */,
				01562A822864B75D00CFD56C /* Repositories */,
			);
			path = "Data Providers";
			sourceTree = "<group>";
		};
		01562A8A2864B91300CFD56C /* Dtos */ = {
			isa = PBXGroup;
			children = (
				01562A932864BF6E00CFD56C /* Harry Potter */,
			);
			path = Dtos;
			sourceTree = "<group>";
		};
		01562A932864BF6E00CFD56C /* Harry Potter */ = {
			isa = PBXGroup;
			children = (
				01562A8B2864BBCA00CFD56C /* HPCharacter.swift */,
				01562A8D2864BDDD00CFD56C /* HPHouse.swift */,
				01562A8F2864BF4F00CFD56C /* DtoHPCharacter.swift */,
				01562A912864BF5800CFD56C /* DtoHpCharacterDetail.swift */,
			);
			path = "Harry Potter";
			sourceTree = "<group>";
		};
		01562A942864C06E00CFD56C /* Harry Potter */ = {
			isa = PBXGroup;
			children = (
				01562A952864C07A00CFD56C /* HPService.swift */,
				01562A972864C08800CFD56C /* HPServiceImpl.swift */,
			);
			path = "Harry Potter";
			sourceTree = "<group>";
		};
		018105D928574FD7006CD742 = {
			isa = PBXGroup;
			children = (
				018105E428574FD7006CD742 /* vip_architecture_example */,
				013128FD2859D43300FFC750 /* SwiftRouting */,
				018105E328574FD7006CD742 /* Products */,
				14DEB9EA7DEF27F91A1617EC /* Pods */,
				9A5FDECFAD93F7F13F1FDB0A /* Frameworks */,
			);
			sourceTree = "<group>";
		};
		018105E328574FD7006CD742 /* Products */ = {
			isa = PBXGroup;
			children = (
				018105E228574FD7006CD742 /* vip_architecture_example.app */,
				013128FC2859D43300FFC750 /* SwiftRouting.framework */,
			);
			name = Products;
			sourceTree = "<group>";
		};
		018105E428574FD7006CD742 /* vip_architecture_example */ = {
			isa = PBXGroup;
			children = (
				018105F328574FD8006CD742 /* Info.plist */,
				018106152857502E006CD742 /* Supporting Files */,
				0198C62228628A2C00491711 /* App Managers */,
				013830322864781C005E3F7B /* General Assemblies */,
				018106D92857515A006CD742 /* Storyboards */,
				018106DA28575170006CD742 /* Scenes */,
				01B303B42869A5D70004F740 /* Common */,
				010D480B28699F4C00AAA818 /* Utils */,
				018106DB2857517D006CD742 /* Routing */,
				01562A892864B8F200CFD56C /* Data Providers */,
				018106DC2857518A006CD742 /* Resources */,
			);
			path = vip_architecture_example;
			sourceTree = "<group>";
		};
		018106152857502E006CD742 /* Supporting Files */ = {
			isa = PBXGroup;
			children = (
				018105E528574FD7006CD742 /* AppDelegate.swift */,
				018105E728574FD7006CD742 /* SceneDelegate.swift */,
			);
			path = "Supporting Files";
			sourceTree = "<group>";
		};
		018106D92857515A006CD742 /* Storyboards */ = {
			isa = PBXGroup;
			children = (
				018105F028574FD8006CD742 /* LaunchScreen.storyboard */,
			);
			path = Storyboards;
			sourceTree = "<group>";
		};
		018106DA28575170006CD742 /* Scenes */ = {
			isa = PBXGroup;
			children = (
				01E4EEDE286C90480041A556 /* Houses */,
				01B1EE5E286C4F10002208E6 /* Character Detail */,
				01E4EF00286CA4010041A556 /* Character List */,
			);
			path = Scenes;
			sourceTree = "<group>";
		};
		018106DB2857517D006CD742 /* Routing */ = {
			isa = PBXGroup;
			children = (
				01358CD228620C1B00D25805 /* BaseRouter.swift */,
				0198C62528628AA100491711 /* AppNavigator.swift */,
				01B303C32869AF8B0004F740 /* TabBarInfo.swift */,
			);
			path = Routing;
			sourceTree = "<group>";
		};
		018106DC2857518A006CD742 /* Resources */ = {
			isa = PBXGroup;
			children = (
				01B303BF2869A83C0004F740 /* hp.json */,
				018105EE28574FD8006CD742 /* Assets.xcassets */,
				0155A713286A0C0C004D2CCA /* Colors.xcassets */,
			);
			path = Resources;
			sourceTree = "<group>";
		};
		0198C62228628A2C00491711 /* App Managers */ = {
			isa = PBXGroup;
			children = (
				0117CA12285A37F100B1C345 /* AppManager.swift */,
				0117CA14285A3C3300B1C345 /* NotificationManager.swift */,
			);
			path = "App Managers";
			sourceTree = "<group>";
		};
		01B1EE5E286C4F10002208E6 /* Character Detail */ = {
			isa = PBXGroup;
			children = (
				0155A7032869F93A004D2CCA /* CharacterDetailSceneAdapter.swift */,
				0155A7042869F93A004D2CCA /* CharacterDetailScenePresenter.swift */,
				0155A7052869F93A004D2CCA /* CharacterDetailSceneRouter.swift */,
				0155A7062869F93A004D2CCA /* CharacterDetailSceneModels.swift */,
				0155A7072869F93A004D2CCA /* CharacterDetailSceneViewController.swift */,
				0155A7082869F93A004D2CCA /* CharacterDetailSceneInteractor.swift */,
				0155A7092869F93A004D2CCA /* CharacterDetailSceneViewController.xib */,
			);
			path = "Character Detail";
			sourceTree = "<group>";
		};
		01B303B42869A5D70004F740 /* Common */ = {
			isa = PBXGroup;
			children = (
				01B303B52869A5F00004F740 /* Views */,
			);
			path = Common;
			sourceTree = "<group>";
		};
		01B303B52869A5F00004F740 /* Views */ = {
			isa = PBXGroup;
			children = (
				011DB9632864C8A400575446 /* Character Cell */,
				01B303BC2869A72C0004F740 /* Loading View */,
				01B303B72869A6900004F740 /* CardView.swift */,
			);
			path = Views;
			sourceTree = "<group>";
		};
		01B303BC2869A72C0004F740 /* Loading View */ = {
			isa = PBXGroup;
			children = (
				01B303BA2869A6B30004F740 /* LoadingView.swift */,
				01B303BD2869A7590004F740 /* LoadingView.xib */,
			);
			path = "Loading View";
			sourceTree = "<group>";
		};
		01E4EEDE286C90480041A556 /* Houses */ = {
			isa = PBXGroup;
			children = (
				01E4EEDF286C90590041A556 /* HousesSceneAdapter.swift */,
				01E4EEE1286C90590041A556 /* HousesSceneRouter.swift */,
				01E4EEE3286C90590041A556 /* HousesSceneViewController.swift */,
				01E4EEE5286C90590041A556 /* HousesSceneViewController.xib */,
			);
			path = Houses;
			sourceTree = "<group>";
		};
		01E4EEFB286C9E410041A556 /* Workers */ = {
			isa = PBXGroup;
			children = (
				01E4EEFC286C9E4E0041A556 /* HpCharacterWorker.swift */,
				01E4EEFE286C9E620041A556 /* HpCharacterImageWorker.swift */,
			);
			path = Workers;
			sourceTree = "<group>";
		};
		01E4EF00286CA4010041A556 /* Character List */ = {
			isa = PBXGroup;
			children = (
				01E4EEFB286C9E410041A556 /* Workers */,
				01E4EEED286C9AF50041A556 /* CharacterListSceneAdapter.swift */,
				01E4EEEE286C9AF50041A556 /* CharacterListScenePresenter.swift */,
				01E4EEEF286C9AF50041A556 /* CharacterListSceneRouter.swift */,
				01E4EEF0286C9AF50041A556 /* CharacterListSceneModels.swift */,
				01E4EEF1286C9AF50041A556 /* CharacterListSceneViewController.swift */,
				01E4EEF2286C9AF50041A556 /* CharacterListSceneInteractor.swift */,
				01E4EEF3286C9AF50041A556 /* CharacterListSceneViewController.xib */,
			);
			path = "Character List";
			sourceTree = "<group>";
		};
		14DEB9EA7DEF27F91A1617EC /* Pods */ = {
			isa = PBXGroup;
			children = (
				AF7F01557396F393237601C5 /* Pods-SwiftRouting.debug.xcconfig */,
				9E85AD143B992EAEECCAD12F /* Pods-SwiftRouting.release.xcconfig */,
				6B47907667FEBB8F2285330A /* Pods-vip_architecture_example.debug.xcconfig */,
				A765ED37A797044797362D6D /* Pods-vip_architecture_example.release.xcconfig */,
			);
			path = Pods;
			sourceTree = "<group>";
		};
		9A5FDECFAD93F7F13F1FDB0A /* Frameworks */ = {
			isa = PBXGroup;
			children = (
				135BC9EFE07DA429282D9716 /* Pods_SwiftRouting.framework */,
				0B2A9BA445959FB0EC07198A /* Pods_vip_architecture_example.framework */,
			);
			name = Frameworks;
			sourceTree = "<group>";
		};
/* End PBXGroup section */

/* Begin PBXHeadersBuildPhase section */
		013128F72859D43300FFC750 /* Headers */ = {
			isa = PBXHeadersBuildPhase;
			buildActionMask = 2147483647;
			files = (
				013128FF2859D43300FFC750 /* SwiftRouting.h in Headers */,
			);
			runOnlyForDeploymentPostprocessing = 0;
		};
/* End PBXHeadersBuildPhase section */

/* Begin PBXNativeTarget section */
		013128FB2859D43300FFC750 /* SwiftRouting */ = {
			isa = PBXNativeTarget;
			buildConfigurationList = 013129042859D43300FFC750 /* Build configuration list for PBXNativeTarget "SwiftRouting" */;
			buildPhases = (
				A9AA0E514E3B3ED32D7CAC92 /* [CP] Check Pods Manifest.lock */,
				013128F72859D43300FFC750 /* Headers */,
				013128F82859D43300FFC750 /* Sources */,
				013128F92859D43300FFC750 /* Frameworks */,
				013128FA2859D43300FFC750 /* Resources */,
			);
			buildRules = (
			);
			dependencies = (
			);
			name = SwiftRouting;
			productName = SwiftRouting;
			productReference = 013128FC2859D43300FFC750 /* SwiftRouting.framework */;
			productType = "com.apple.product-type.framework";
		};
		018105E128574FD7006CD742 /* vip_architecture_example */ = {
			isa = PBXNativeTarget;
			buildConfigurationList = 0181060C28574FD8006CD742 /* Build configuration list for PBXNativeTarget "vip_architecture_example" */;
			buildPhases = (
				7CA4A4BAB55E5AF2C04A5B4B /* [CP] Check Pods Manifest.lock */,
				018105DE28574FD7006CD742 /* Sources */,
				018105DF28574FD7006CD742 /* Frameworks */,
				018105E028574FD7006CD742 /* Resources */,
				01810626285750F2006CD742 /* Embed Frameworks */,
				BEBBFB073871F3D0E75E9B7E /* [CP] Embed Pods Frameworks */,
			);
			buildRules = (
			);
			dependencies = (
				013129012859D43300FFC750 /* PBXTargetDependency */,
			);
			name = vip_architecture_example;
			productName = vip_architecture_example;
			productReference = 018105E228574FD7006CD742 /* vip_architecture_example.app */;
			productType = "com.apple.product-type.application";
		};
/* End PBXNativeTarget section */

/* Begin PBXProject section */
		018105DA28574FD7006CD742 /* Project object */ = {
			isa = PBXProject;
			attributes = {
				BuildIndependentTargetsInParallel = 1;
				LastSwiftUpdateCheck = 1330;
				LastUpgradeCheck = 1330;
				TargetAttributes = {
					013128FB2859D43300FFC750 = {
						CreatedOnToolsVersion = 13.3;
						LastSwiftMigration = 1330;
					};
					018105E128574FD7006CD742 = {
						CreatedOnToolsVersion = 13.3;
					};
				};
			};
			buildConfigurationList = 018105DD28574FD7006CD742 /* Build configuration list for PBXProject "vip_architecture_example" */;
			compatibilityVersion = "Xcode 13.0";
			developmentRegion = en;
			hasScannedForEncodings = 0;
			knownRegions = (
				en,
				Base,
			);
			mainGroup = 018105D928574FD7006CD742;
			productRefGroup = 018105E328574FD7006CD742 /* Products */;
			projectDirPath = "";
			projectRoot = "";
			targets = (
				018105E128574FD7006CD742 /* vip_architecture_example */,
				013128FB2859D43300FFC750 /* SwiftRouting */,
			);
		};
/* End PBXProject section */

/* Begin PBXResourcesBuildPhase section */
		013128FA2859D43300FFC750 /* Resources */ = {
			isa = PBXResourcesBuildPhase;
			buildActionMask = 2147483647;
			files = (
			);
			runOnlyForDeploymentPostprocessing = 0;
		};
		018105E028574FD7006CD742 /* Resources */ = {
			isa = PBXResourcesBuildPhase;
			buildActionMask = 2147483647;
			files = (
				018105F228574FD8006CD742 /* LaunchScreen.storyboard in Resources */,
				018105EF28574FD8006CD742 /* Assets.xcassets in Resources */,
				01B303C02869A83C0004F740 /* hp.json in Resources */,
				01E4EEFA286C9AF50041A556 /* CharacterListSceneViewController.xib in Resources */,
				0155A7102869F93A004D2CCA /* CharacterDetailSceneViewController.xib in Resources */,
				01E4EEEC286C90590041A556 /* HousesSceneViewController.xib in Resources */,
				0155A714286A0C0C004D2CCA /* Colors.xcassets in Resources */,
				011DB9672864C8D300575446 /* CharacterTableViewCell.xib in Resources */,
				01B303BE2869A75A0004F740 /* LoadingView.xib in Resources */,
			);
			runOnlyForDeploymentPostprocessing = 0;
		};
/* End PBXResourcesBuildPhase section */

/* Begin PBXShellScriptBuildPhase section */
		7CA4A4BAB55E5AF2C04A5B4B /* [CP] Check Pods Manifest.lock */ = {
			isa = PBXShellScriptBuildPhase;
			buildActionMask = 2147483647;
			files = (
			);
			inputFileListPaths = (
			);
			inputPaths = (
				"${PODS_PODFILE_DIR_PATH}/Podfile.lock",
				"${PODS_ROOT}/Manifest.lock",
			);
			name = "[CP] Check Pods Manifest.lock";
			outputFileListPaths = (
			);
			outputPaths = (
				"$(DERIVED_FILE_DIR)/Pods-vip_architecture_example-checkManifestLockResult.txt",
			);
			runOnlyForDeploymentPostprocessing = 0;
			shellPath = /bin/sh;
			shellScript = "diff \"${PODS_PODFILE_DIR_PATH}/Podfile.lock\" \"${PODS_ROOT}/Manifest.lock\" > /dev/null\nif [ $? != 0 ] ; then\n    # print error to STDERR\n    echo \"error: The sandbox is not in sync with the Podfile.lock. Run 'pod install' or update your CocoaPods installation.\" >&2\n    exit 1\nfi\n# This output is used by Xcode 'outputs' to avoid re-running this script phase.\necho \"SUCCESS\" > \"${SCRIPT_OUTPUT_FILE_0}\"\n";
			showEnvVarsInLog = 0;
		};
		A9AA0E514E3B3ED32D7CAC92 /* [CP] Check Pods Manifest.lock */ = {
			isa = PBXShellScriptBuildPhase;
			buildActionMask = 2147483647;
			files = (
			);
			inputFileListPaths = (
			);
			inputPaths = (
				"${PODS_PODFILE_DIR_PATH}/Podfile.lock",
				"${PODS_ROOT}/Manifest.lock",
			);
			name = "[CP] Check Pods Manifest.lock";
			outputFileListPaths = (
			);
			outputPaths = (
				"$(DERIVED_FILE_DIR)/Pods-SwiftRouting-checkManifestLockResult.txt",
			);
			runOnlyForDeploymentPostprocessing = 0;
			shellPath = /bin/sh;
			shellScript = "diff \"${PODS_PODFILE_DIR_PATH}/Podfile.lock\" \"${PODS_ROOT}/Manifest.lock\" > /dev/null\nif [ $? != 0 ] ; then\n    # print error to STDERR\n    echo \"error: The sandbox is not in sync with the Podfile.lock. Run 'pod install' or update your CocoaPods installation.\" >&2\n    exit 1\nfi\n# This output is used by Xcode 'outputs' to avoid re-running this script phase.\necho \"SUCCESS\" > \"${SCRIPT_OUTPUT_FILE_0}\"\n";
			showEnvVarsInLog = 0;
		};
		BEBBFB073871F3D0E75E9B7E /* [CP] Embed Pods Frameworks */ = {
			isa = PBXShellScriptBuildPhase;
			buildActionMask = 2147483647;
			files = (
			);
			inputFileListPaths = (
				"${PODS_ROOT}/Target Support Files/Pods-vip_architecture_example/Pods-vip_architecture_example-frameworks-${CONFIGURATION}-input-files.xcfilelist",
			);
			name = "[CP] Embed Pods Frameworks";
			outputFileListPaths = (
				"${PODS_ROOT}/Target Support Files/Pods-vip_architecture_example/Pods-vip_architecture_example-frameworks-${CONFIGURATION}-output-files.xcfilelist",
			);
			runOnlyForDeploymentPostprocessing = 0;
			shellPath = /bin/sh;
			shellScript = "\"${PODS_ROOT}/Target Support Files/Pods-vip_architecture_example/Pods-vip_architecture_example-frameworks.sh\"\n";
			showEnvVarsInLog = 0;
		};
/* End PBXShellScriptBuildPhase section */

/* Begin PBXSourcesBuildPhase section */
		013128F82859D43300FFC750 /* Sources */ = {
			isa = PBXSourcesBuildPhase;
			buildActionMask = 2147483647;
			files = (
				01562A722864A51400CFD56C /* TabBarInfoProvider.swift in Sources */,
				0198C61C2862753900491711 /* Extension+UINavigationController.swift in Sources */,
				01B303CB2869BA4F0004F740 /* XibImportable.swift in Sources */,
				01358CDF28622D2F00D25805 /* IAppNavigator.swift in Sources */,
				0198C61E28627C9E00491711 /* IRouter.swift in Sources */,
				0117CA0D2859EF0500B1C345 /* StoryboardImportable.swift in Sources */,
			);
			runOnlyForDeploymentPostprocessing = 0;
		};
		018105DE28574FD7006CD742 /* Sources */ = {
			isa = PBXSourcesBuildPhase;
			buildActionMask = 2147483647;
			files = (
				0155A7022869F4D0004D2CCA /* NavBarCustomizer.swift in Sources */,
				0117CA13285A37F100B1C345 /* AppManager.swift in Sources */,
				01E4EEF9286C9AF50041A556 /* CharacterListSceneInteractor.swift in Sources */,
				018105E628574FD7006CD742 /* AppDelegate.swift in Sources */,
				0155A6FB2869C720004D2CCA /* JsonPrettyPrint.swift in Sources */,
				01562A8E2864BDDD00CFD56C /* HPHouse.swift in Sources */,
				0155A70E2869F93A004D2CCA /* CharacterDetailSceneViewController.swift in Sources */,
				01562A922864BF5800CFD56C /* DtoHpCharacterDetail.swift in Sources */,
				01562A902864BF4F00CFD56C /* DtoHPCharacter.swift in Sources */,
				0155A70A2869F93A004D2CCA /* CharacterDetailSceneAdapter.swift in Sources */,
				01E4EEE6286C90590041A556 /* HousesSceneAdapter.swift in Sources */,
				0155A70C2869F93A004D2CCA /* CharacterDetailSceneRouter.swift in Sources */,
				01E4EEFD286C9E4E0041A556 /* HpCharacterWorker.swift in Sources */,
				01E4EEF7286C9AF50041A556 /* CharacterListSceneModels.swift in Sources */,
				01E4EEF5286C9AF50041A556 /* CharacterListScenePresenter.swift in Sources */,
				01B303BB2869A6B30004F740 /* LoadingView.swift in Sources */,
				010D480D28699F6F00AAA818 /* XibSubscribable.swift in Sources */,
				01562A9A2864C4B200CFD56C /* CommonServiceAssembly.swift in Sources */,
				01E4EEE8286C90590041A556 /* HousesSceneRouter.swift in Sources */,
				01562A982864C08800CFD56C /* HPServiceImpl.swift in Sources */,
				0198C62428628A6700491711 /* GeneralAppAssembly.swift in Sources */,
				01E4EEEA286C90590041A556 /* HousesSceneViewController.swift in Sources */,
				0155A70B2869F93A004D2CCA /* CharacterDetailScenePresenter.swift in Sources */,
				01E4EEFF286C9E620041A556 /* HpCharacterImageWorker.swift in Sources */,
				0117CA15285A3C3300B1C345 /* NotificationManager.swift in Sources */,
				0155A70D2869F93A004D2CCA /* CharacterDetailSceneModels.swift in Sources */,
				01E4EEF6286C9AF50041A556 /* CharacterListSceneRouter.swift in Sources */,
				0155A712286A0ACC004D2CCA /* Extension+HPHouse.swift in Sources */,
				018105E828574FD7006CD742 /* SceneDelegate.swift in Sources */,
				01E4EEDD286C68DB0041A556 /* Extension+UIView.swift in Sources */,
				01562A962864C07A00CFD56C /* HPService.swift in Sources */,
				01562A862864B7C200CFD56C /* HPRepository.swift in Sources */,
				01562A8C2864BBCA00CFD56C /* HPCharacter.swift in Sources */,
				01B303B82869A6900004F740 /* CardView.swift in Sources */,
				01562A882864B7D800CFD56C /* HPRepositoryImpl.swift in Sources */,
				0155A70F2869F93A004D2CCA /* CharacterDetailSceneInteractor.swift in Sources */,
				01E4EEF8286C9AF50041A556 /* CharacterListSceneViewController.swift in Sources */,
				0198C62628628AA100491711 /* AppNavigator.swift in Sources */,
				01358CD328620C1B00D25805 /* BaseRouter.swift in Sources */,
				011DB9662864C8D300575446 /* CharacterTableViewCell.swift in Sources */,
				01B303C42869AF8B0004F740 /* TabBarInfo.swift in Sources */,
				01E4EEF4286C9AF50041A556 /* CharacterListSceneAdapter.swift in Sources */,
				0155A6F92869C12D004D2CCA /* Log.swift in Sources */,
			);
			runOnlyForDeploymentPostprocessing = 0;
		};
/* End PBXSourcesBuildPhase section */

/* Begin PBXTargetDependency section */
		013129012859D43300FFC750 /* PBXTargetDependency */ = {
			isa = PBXTargetDependency;
			target = 013128FB2859D43300FFC750 /* SwiftRouting */;
			targetProxy = 013129002859D43300FFC750 /* PBXContainerItemProxy */;
		};
/* End PBXTargetDependency section */

/* Begin PBXVariantGroup section */
		018105F028574FD8006CD742 /* LaunchScreen.storyboard */ = {
			isa = PBXVariantGroup;
			children = (
				018105F128574FD8006CD742 /* Base */,
			);
			name = LaunchScreen.storyboard;
			sourceTree = "<group>";
		};
/* End PBXVariantGroup section */

/* Begin XCBuildConfiguration section */
		013129052859D43300FFC750 /* Debug */ = {
			isa = XCBuildConfiguration;
			baseConfigurationReference = AF7F01557396F393237601C5 /* Pods-SwiftRouting.debug.xcconfig */;
			buildSettings = {
				CLANG_ENABLE_MODULES = YES;
				CODE_SIGN_STYLE = Automatic;
				CURRENT_PROJECT_VERSION = 1;
				DEFINES_MODULE = YES;
				DEVELOPMENT_TEAM = S9QPEW3P9H;
				DYLIB_COMPATIBILITY_VERSION = 1;
				DYLIB_CURRENT_VERSION = 1;
				DYLIB_INSTALL_NAME_BASE = "@rpath";
				GENERATE_INFOPLIST_FILE = YES;
				INFOPLIST_KEY_NSHumanReadableCopyright = "";
				INSTALL_PATH = "$(LOCAL_LIBRARY_DIR)/Frameworks";
				IPHONEOS_DEPLOYMENT_TARGET = 13.0;
				LD_RUNPATH_SEARCH_PATHS = (
					"$(inherited)",
					"@executable_path/Frameworks",
					"@loader_path/Frameworks",
				);
				MARKETING_VERSION = 1.0;
				PRODUCT_BUNDLE_IDENTIFIER = it.pay.reply.SwiftRouting;
				PRODUCT_NAME = "$(TARGET_NAME:c99extidentifier)";
				SKIP_INSTALL = YES;
				SUPPORTS_MACCATALYST = NO;
				SWIFT_EMIT_LOC_STRINGS = YES;
				SWIFT_OPTIMIZATION_LEVEL = "-Onone";
				SWIFT_VERSION = 5.0;
				TARGETED_DEVICE_FAMILY = "1,2";
				VERSIONING_SYSTEM = "apple-generic";
				VERSION_INFO_PREFIX = "";
			};
			name = Debug;
		};
		013129062859D43300FFC750 /* Release */ = {
			isa = XCBuildConfiguration;
			baseConfigurationReference = 9E85AD143B992EAEECCAD12F /* Pods-SwiftRouting.release.xcconfig */;
			buildSettings = {
				CLANG_ENABLE_MODULES = YES;
				CODE_SIGN_STYLE = Automatic;
				CURRENT_PROJECT_VERSION = 1;
				DEFINES_MODULE = YES;
				DEVELOPMENT_TEAM = S9QPEW3P9H;
				DYLIB_COMPATIBILITY_VERSION = 1;
				DYLIB_CURRENT_VERSION = 1;
				DYLIB_INSTALL_NAME_BASE = "@rpath";
				GENERATE_INFOPLIST_FILE = YES;
				INFOPLIST_KEY_NSHumanReadableCopyright = "";
				INSTALL_PATH = "$(LOCAL_LIBRARY_DIR)/Frameworks";
				IPHONEOS_DEPLOYMENT_TARGET = 13.0;
				LD_RUNPATH_SEARCH_PATHS = (
					"$(inherited)",
					"@executable_path/Frameworks",
					"@loader_path/Frameworks",
				);
				MARKETING_VERSION = 1.0;
				PRODUCT_BUNDLE_IDENTIFIER = it.pay.reply.SwiftRouting;
				PRODUCT_NAME = "$(TARGET_NAME:c99extidentifier)";
				SKIP_INSTALL = YES;
				SUPPORTS_MACCATALYST = NO;
				SWIFT_EMIT_LOC_STRINGS = YES;
				SWIFT_VERSION = 5.0;
				TARGETED_DEVICE_FAMILY = "1,2";
				VERSIONING_SYSTEM = "apple-generic";
				VERSION_INFO_PREFIX = "";
			};
			name = Release;
		};
		0181060A28574FD8006CD742 /* Debug */ = {
			isa = XCBuildConfiguration;
			buildSettings = {
				ALWAYS_EMBED_SWIFT_STANDARD_LIBRARIES = NO;
				ALWAYS_SEARCH_USER_PATHS = NO;
				CLANG_ANALYZER_NONNULL = YES;
				CLANG_ANALYZER_NUMBER_OBJECT_CONVERSION = YES_AGGRESSIVE;
				CLANG_CXX_LANGUAGE_STANDARD = "gnu++17";
				CLANG_ENABLE_MODULES = YES;
				CLANG_ENABLE_OBJC_ARC = YES;
				CLANG_ENABLE_OBJC_WEAK = YES;
				CLANG_WARN_BLOCK_CAPTURE_AUTORELEASING = YES;
				CLANG_WARN_BOOL_CONVERSION = YES;
				CLANG_WARN_COMMA = YES;
				CLANG_WARN_CONSTANT_CONVERSION = YES;
				CLANG_WARN_DEPRECATED_OBJC_IMPLEMENTATIONS = YES;
				CLANG_WARN_DIRECT_OBJC_ISA_USAGE = YES_ERROR;
				CLANG_WARN_DOCUMENTATION_COMMENTS = YES;
				CLANG_WARN_EMPTY_BODY = YES;
				CLANG_WARN_ENUM_CONVERSION = YES;
				CLANG_WARN_INFINITE_RECURSION = YES;
				CLANG_WARN_INT_CONVERSION = YES;
				CLANG_WARN_NON_LITERAL_NULL_CONVERSION = YES;
				CLANG_WARN_OBJC_IMPLICIT_RETAIN_SELF = YES;
				CLANG_WARN_OBJC_LITERAL_CONVERSION = YES;
				CLANG_WARN_OBJC_ROOT_CLASS = YES_ERROR;
				CLANG_WARN_QUOTED_INCLUDE_IN_FRAMEWORK_HEADER = YES;
				CLANG_WARN_RANGE_LOOP_ANALYSIS = YES;
				CLANG_WARN_STRICT_PROTOTYPES = YES;
				CLANG_WARN_SUSPICIOUS_MOVE = YES;
				CLANG_WARN_UNGUARDED_AVAILABILITY = YES_AGGRESSIVE;
				CLANG_WARN_UNREACHABLE_CODE = YES;
				CLANG_WARN__DUPLICATE_METHOD_MATCH = YES;
				COPY_PHASE_STRIP = NO;
				DEBUG_INFORMATION_FORMAT = dwarf;
				ENABLE_STRICT_OBJC_MSGSEND = YES;
				ENABLE_TESTABILITY = YES;
				GCC_C_LANGUAGE_STANDARD = gnu11;
				GCC_DYNAMIC_NO_PIC = NO;
				GCC_NO_COMMON_BLOCKS = YES;
				GCC_OPTIMIZATION_LEVEL = 0;
				GCC_PREPROCESSOR_DEFINITIONS = (
					"DEBUG=1",
					"$(inherited)",
				);
				GCC_WARN_64_TO_32_BIT_CONVERSION = YES;
				GCC_WARN_ABOUT_RETURN_TYPE = YES_ERROR;
				GCC_WARN_UNDECLARED_SELECTOR = YES;
				GCC_WARN_UNINITIALIZED_AUTOS = YES_AGGRESSIVE;
				GCC_WARN_UNUSED_FUNCTION = YES;
				GCC_WARN_UNUSED_VARIABLE = YES;
				IPHONEOS_DEPLOYMENT_TARGET = 13.0;
				MTL_ENABLE_DEBUG_INFO = INCLUDE_SOURCE;
				MTL_FAST_MATH = YES;
				ONLY_ACTIVE_ARCH = YES;
				SDKROOT = iphoneos;
				SWIFT_ACTIVE_COMPILATION_CONDITIONS = DEBUG;
				SWIFT_OPTIMIZATION_LEVEL = "-Onone";
			};
			name = Debug;
		};
		0181060B28574FD8006CD742 /* Release */ = {
			isa = XCBuildConfiguration;
			buildSettings = {
				ALWAYS_EMBED_SWIFT_STANDARD_LIBRARIES = NO;
				ALWAYS_SEARCH_USER_PATHS = NO;
				CLANG_ANALYZER_NONNULL = YES;
				CLANG_ANALYZER_NUMBER_OBJECT_CONVERSION = YES_AGGRESSIVE;
				CLANG_CXX_LANGUAGE_STANDARD = "gnu++17";
				CLANG_ENABLE_MODULES = YES;
				CLANG_ENABLE_OBJC_ARC = YES;
				CLANG_ENABLE_OBJC_WEAK = YES;
				CLANG_WARN_BLOCK_CAPTURE_AUTORELEASING = YES;
				CLANG_WARN_BOOL_CONVERSION = YES;
				CLANG_WARN_COMMA = YES;
				CLANG_WARN_CONSTANT_CONVERSION = YES;
				CLANG_WARN_DEPRECATED_OBJC_IMPLEMENTATIONS = YES;
				CLANG_WARN_DIRECT_OBJC_ISA_USAGE = YES_ERROR;
				CLANG_WARN_DOCUMENTATION_COMMENTS = YES;
				CLANG_WARN_EMPTY_BODY = YES;
				CLANG_WARN_ENUM_CONVERSION = YES;
				CLANG_WARN_INFINITE_RECURSION = YES;
				CLANG_WARN_INT_CONVERSION = YES;
				CLANG_WARN_NON_LITERAL_NULL_CONVERSION = YES;
				CLANG_WARN_OBJC_IMPLICIT_RETAIN_SELF = YES;
				CLANG_WARN_OBJC_LITERAL_CONVERSION = YES;
				CLANG_WARN_OBJC_ROOT_CLASS = YES_ERROR;
				CLANG_WARN_QUOTED_INCLUDE_IN_FRAMEWORK_HEADER = YES;
				CLANG_WARN_RANGE_LOOP_ANALYSIS = YES;
				CLANG_WARN_STRICT_PROTOTYPES = YES;
				CLANG_WARN_SUSPICIOUS_MOVE = YES;
				CLANG_WARN_UNGUARDED_AVAILABILITY = YES_AGGRESSIVE;
				CLANG_WARN_UNREACHABLE_CODE = YES;
				CLANG_WARN__DUPLICATE_METHOD_MATCH = YES;
				COPY_PHASE_STRIP = NO;
				DEBUG_INFORMATION_FORMAT = "dwarf-with-dsym";
				ENABLE_NS_ASSERTIONS = NO;
				ENABLE_STRICT_OBJC_MSGSEND = YES;
				GCC_C_LANGUAGE_STANDARD = gnu11;
				GCC_NO_COMMON_BLOCKS = YES;
				GCC_WARN_64_TO_32_BIT_CONVERSION = YES;
				GCC_WARN_ABOUT_RETURN_TYPE = YES_ERROR;
				GCC_WARN_UNDECLARED_SELECTOR = YES;
				GCC_WARN_UNINITIALIZED_AUTOS = YES_AGGRESSIVE;
				GCC_WARN_UNUSED_FUNCTION = YES;
				GCC_WARN_UNUSED_VARIABLE = YES;
				IPHONEOS_DEPLOYMENT_TARGET = 13.0;
				MTL_ENABLE_DEBUG_INFO = NO;
				MTL_FAST_MATH = YES;
				SDKROOT = iphoneos;
				SWIFT_COMPILATION_MODE = wholemodule;
				SWIFT_OPTIMIZATION_LEVEL = "-O";
				VALIDATE_PRODUCT = YES;
			};
			name = Release;
		};
		0181060D28574FD8006CD742 /* Debug */ = {
			isa = XCBuildConfiguration;
			baseConfigurationReference = 6B47907667FEBB8F2285330A /* Pods-vip_architecture_example.debug.xcconfig */;
			buildSettings = {
				ALWAYS_EMBED_SWIFT_STANDARD_LIBRARIES = "$(inherited)";
				ASSETCATALOG_COMPILER_APPICON_NAME = AppIcon;
				ASSETCATALOG_COMPILER_GLOBAL_ACCENT_COLOR_NAME = AccentColor;
				CODE_SIGN_STYLE = Automatic;
				CURRENT_PROJECT_VERSION = 1;
				DEVELOPMENT_TEAM = S9QPEW3P9H;
				FRAMEWORK_SEARCH_PATHS = (
					"$(inherited)",
					"$(PROJECT_DIR)",
				);
				GENERATE_INFOPLIST_FILE = YES;
				INFOPLIST_FILE = vip_architecture_example/Info.plist;
				INFOPLIST_KEY_UIApplicationSupportsIndirectInputEvents = YES;
				INFOPLIST_KEY_UILaunchStoryboardName = LaunchScreen;
				INFOPLIST_KEY_UISupportedInterfaceOrientations = UIInterfaceOrientationPortrait;
				INFOPLIST_KEY_UISupportedInterfaceOrientations_iPad = UIInterfaceOrientationPortrait;
				INFOPLIST_KEY_UISupportedInterfaceOrientations_iPhone = UIInterfaceOrientationPortrait;
				IPHONEOS_DEPLOYMENT_TARGET = 13.0;
				LD_RUNPATH_SEARCH_PATHS = (
					"$(inherited)",
					"@executable_path/Frameworks",
				);
				MARKETING_VERSION = 1.0;
				PRODUCT_BUNDLE_IDENTIFIER = "it.pay.reply.vip-architecture-example";
				PRODUCT_NAME = "$(TARGET_NAME)";
				SWIFT_EMIT_LOC_STRINGS = YES;
				SWIFT_VERSION = 5.0;
				TARGETED_DEVICE_FAMILY = 1;
			};
			name = Debug;
		};
		0181060E28574FD8006CD742 /* Release */ = {
			isa = XCBuildConfiguration;
			baseConfigurationReference = A765ED37A797044797362D6D /* Pods-vip_architecture_example.release.xcconfig */;
			buildSettings = {
				ALWAYS_EMBED_SWIFT_STANDARD_LIBRARIES = "$(inherited)";
				ASSETCATALOG_COMPILER_APPICON_NAME = AppIcon;
				ASSETCATALOG_COMPILER_GLOBAL_ACCENT_COLOR_NAME = AccentColor;
				CODE_SIGN_STYLE = Automatic;
				CURRENT_PROJECT_VERSION = 1;
				DEVELOPMENT_TEAM = S9QPEW3P9H;
				FRAMEWORK_SEARCH_PATHS = (
					"$(inherited)",
					"$(PROJECT_DIR)",
				);
				GENERATE_INFOPLIST_FILE = YES;
				INFOPLIST_FILE = vip_architecture_example/Info.plist;
				INFOPLIST_KEY_UIApplicationSupportsIndirectInputEvents = YES;
				INFOPLIST_KEY_UILaunchStoryboardName = LaunchScreen;
				INFOPLIST_KEY_UISupportedInterfaceOrientations = UIInterfaceOrientationPortrait;
				INFOPLIST_KEY_UISupportedInterfaceOrientations_iPad = UIInterfaceOrientationPortrait;
				INFOPLIST_KEY_UISupportedInterfaceOrientations_iPhone = UIInterfaceOrientationPortrait;
				IPHONEOS_DEPLOYMENT_TARGET = 13.0;
				LD_RUNPATH_SEARCH_PATHS = (
					"$(inherited)",
					"@executable_path/Frameworks",
				);
				MARKETING_VERSION = 1.0;
				PRODUCT_BUNDLE_IDENTIFIER = "it.pay.reply.vip-architecture-example";
				PRODUCT_NAME = "$(TARGET_NAME)";
				SWIFT_EMIT_LOC_STRINGS = YES;
				SWIFT_VERSION = 5.0;
				TARGETED_DEVICE_FAMILY = 1;
			};
			name = Release;
		};
/* End XCBuildConfiguration section */

/* Begin XCConfigurationList section */
		013129042859D43300FFC750 /* Build configuration list for PBXNativeTarget "SwiftRouting" */ = {
			isa = XCConfigurationList;
			buildConfigurations = (
				013129052859D43300FFC750 /* Debug */,
				013129062859D43300FFC750 /* Release */,
			);
			defaultConfigurationIsVisible = 0;
			defaultConfigurationName = Release;
		};
		018105DD28574FD7006CD742 /* Build configuration list for PBXProject "vip_architecture_example" */ = {
			isa = XCConfigurationList;
			buildConfigurations = (
				0181060A28574FD8006CD742 /* Debug */,
				0181060B28574FD8006CD742 /* Release */,
			);
			defaultConfigurationIsVisible = 0;
			defaultConfigurationName = Release;
		};
		0181060C28574FD8006CD742 /* Build configuration list for PBXNativeTarget "vip_architecture_example" */ = {
			isa = XCConfigurationList;
			buildConfigurations = (
				0181060D28574FD8006CD742 /* Debug */,
				0181060E28574FD8006CD742 /* Release */,
			);
			defaultConfigurationIsVisible = 0;
			defaultConfigurationName = Release;
		};
/* End XCConfigurationList section */
	};
	rootObject = 018105DA28574FD7006CD742 /* Project object */;
}
